
Microsoft Visual Studio Solution File, Format Version 12.00
# Visual Studio Version 16
VisualStudioVersion = 16.0.29806.167
MinimumVisualStudioVersion = 10.0.40219.1
Project("{FAE04EC0-301F-11D3-BF4B-00C04F79EFBC}") = "Exercise 1", "Exercise1\Exercise 1.csproj", "{E59249C2-1C4D-4783-8C8C-A644AB3EA547}"
EndProject
Project("{FAE04EC0-301F-11D3-BF4B-00C04F79EFBC}") = "Exercise 2", "Exercise 2\Exercise 2.csproj", "{A7C61C30-5F40-4B66-A598-03754D951FC7}"
EndProject
Project("{FAE04EC0-301F-11D3-BF4B-00C04F79EFBC}") = "Exercise 3", "Exercise3\Exercise 3.csproj", "{F23FE01A-62C6-419F-A5E8-F44984C0FA9B}"
EndProject
Project("{FAE04EC0-301F-11D3-BF4B-00C04F79EFBC}") = "Exercise 4", "Exercise 4\Exercise 4.csproj", "{CAD69231-109B-4F8A-9173-E941494932D3}"
EndProject
Project("{FAE04EC0-301F-11D3-BF4B-00C04F79EFBC}") = "Exercise 5", "Exercise 5\Exercise 5.csproj", "{3C19E43B-2EA2-492F-84DA-2E76E3DBDECC}"
EndProject
Global
	GlobalSection(SolutionConfigurationPlatforms) = preSolution
		Debug|Any CPU = Debug|Any CPU
		Release|Any CPU = Release|Any CPU
	EndGlobalSection
	GlobalSection(ProjectConfigurationPlatforms) = postSolution
		{E59249C2-1C4D-4783-8C8C-A644AB3EA547}.Debug|Any CPU.ActiveCfg = Debug|Any CPU
		{E59249C2-1C4D-4783-8C8C-A644AB3EA547}.Debug|Any CPU.Build.0 = Debug|Any CPU
		{E59249C2-1C4D-4783-8C8C-A644AB3EA547}.Release|Any CPU.ActiveCfg = Release|Any CPU
		{E59249C2-1C4D-4783-8C8C-A644AB3EA547}.Release|Any CPU.Build.0 = Release|Any CPU
		{A7C61C30-5F40-4B66-A598-03754D951FC7}.Debug|Any CPU.ActiveCfg = Debug|Any CPU
		{A7C61C30-5F40-4B66-A598-03754D951FC7}.Debug|Any CPU.Build.0 = Debug|Any CPU
		{A7C61C30-5F40-4B66-A598-03754D951FC7}.Release|Any CPU.ActiveCfg = Release|Any CPU
		{A7C61C30-5F40-4B66-A598-03754D951FC7}.Release|Any CPU.Build.0 = Release|Any CPU
		{F23FE01A-62C6-419F-A5E8-F44984C0FA9B}.Debug|Any CPU.ActiveCfg = Debug|Any CPU
		{F23FE01A-62C6-419F-A5E8-F44984C0FA9B}.Debug|Any CPU.Build.0 = Debug|Any CPU
		{F23FE01A-62C6-419F-A5E8-F44984C0FA9B}.Release|Any CPU.ActiveCfg = Release|Any CPU
		{F23FE01A-62C6-419F-A5E8-F44984C0FA9B}.Release|Any CPU.Build.0 = Release|Any CPU
		{CAD69231-109B-4F8A-9173-E941494932D3}.Debug|Any CPU.ActiveCfg = Debug|Any CPU
		{CAD69231-109B-4F8A-9173-E941494932D3}.Debug|Any CPU.Build.0 = Debug|Any CPU
		{CAD69231-109B-4F8A-9173-E941494932D3}.Release|Any CPU.ActiveCfg = Release|Any CPU
		{CAD69231-109B-4F8A-9173-E941494932D3}.Release|Any CPU.Build.0 = Release|Any CPU
		{3C19E43B-2EA2-492F-84DA-2E76E3DBDECC}.Debug|Any CPU.ActiveCfg = Debug|Any CPU
		{3C19E43B-2EA2-492F-84DA-2E76E3DBDECC}.Debug|Any CPU.Build.0 = Debug|Any CPU
		{3C19E43B-2EA2-492F-84DA-2E76E3DBDECC}.Release|Any CPU.ActiveCfg = Release|Any CPU
		{3C19E43B-2EA2-492F-84DA-2E76E3DBDECC}.Release|Any CPU.Build.0 = Release|Any CPU
	EndGlobalSection
	GlobalSection(SolutionProperties) = preSolution
		HideSolutionNode = FALSE
	EndGlobalSection
	GlobalSection(ExtensibilityGlobals) = postSolution
		SolutionGuid = {7F2BE533-124F-4FE6-9B9E-F8D6935221B7}
	EndGlobalSection
EndGlobal
